
Microsoft Visual Studio Solution File, Format Version 12.00
# Visual Studio Version 16
VisualStudioVersion = 16.0.32413.511
MinimumVisualStudioVersion = 10.0.40219.1
Project("{FAE04EC0-301F-11D3-BF4B-00C04F79EFBC}") = "school system management crm", "school system management crm\school system management crm.csproj", "{443B1D90-7496-478B-8561-7DFB8483D2E4}"
EndProject
Global
	GlobalSection(SolutionConfigurationPlatforms) = preSolution
		Debug|Any CPU = Debug|Any CPU
		Release|Any CPU = Release|Any CPU
	EndGlobalSection
	GlobalSection(ProjectConfigurationPlatforms) = postSolution
		{443B1D90-7496-478B-8561-7DFB8483D2E4}.Debug|Any CPU.ActiveCfg = Debug|Any CPU
		{443B1D90-7496-478B-8561-7DFB8483D2E4}.Debug|Any CPU.Build.0 = Debug|Any CPU
		{443B1D90-7496-478B-8561-7DFB8483D2E4}.Release|Any CPU.ActiveCfg = Release|Any CPU
		{443B1D90-7496-478B-8561-7DFB8483D2E4}.Release|Any CPU.Build.0 = Release|Any CPU
	EndGlobalSection
	GlobalSection(SolutionProperties) = preSolution
		HideSolutionNode = FALSE
	EndGlobalSection
	GlobalSection(ExtensibilityGlobals) = postSolution
		SolutionGuid = {770174FC-C2BB-46B7-AA2B-DC467913CF44}
	EndGlobalSection
EndGlobal
